
Microsoft Visual Studio Solution File, Format Version 12.00
# Visual Studio Version 17
VisualStudioVersion = 17.7.34024.191
MinimumVisualStudioVersion = 10.0.40219.1
Project("{FAE04EC0-301F-11D3-BF4B-00C04F79EFBC}") = "TaxSystem.UI", "TaxSystem.UI\TaxSystem.UI.csproj", "{350C15CC-0E5A-4453-A651-B553DE841CB5}"
	ProjectSection(ProjectDependencies) = postProject
		{7BC99614-9E13-41CE-89EA-D2F4D6EE4722} = {7BC99614-9E13-41CE-89EA-D2F4D6EE4722}
		{ADBA8BF7-A895-46A8-B5AE-C2F47F9228CC} = {ADBA8BF7-A895-46A8-B5AE-C2F47F9228CC}
	EndProjectSection
EndProject
Project("{FAE04EC0-301F-11D3-BF4B-00C04F79EFBC}") = "TaxSystem.Application", "TaxSystem.Application\TaxSystem.Application.csproj", "{ADBA8BF7-A895-46A8-B5AE-C2F47F9228CC}"
	ProjectSection(ProjectDependencies) = postProject
		{7BC99614-9E13-41CE-89EA-D2F4D6EE4722} = {7BC99614-9E13-41CE-89EA-D2F4D6EE4722}
	EndProjectSection
EndProject
Project("{FAE04EC0-301F-11D3-BF4B-00C04F79EFBC}") = "TaxSystem.Domain", "TaxSystem.Domain\TaxSystem.Domain.csproj", "{7BC99614-9E13-41CE-89EA-D2F4D6EE4722}"
EndProject
Global
	GlobalSection(SolutionConfigurationPlatforms) = preSolution
		Debug|Any CPU = Debug|Any CPU
		Release|Any CPU = Release|Any CPU
	EndGlobalSection
	GlobalSection(ProjectConfigurationPlatforms) = postSolution
		{350C15CC-0E5A-4453-A651-B553DE841CB5}.Debug|Any CPU.ActiveCfg = Debug|Any CPU
		{350C15CC-0E5A-4453-A651-B553DE841CB5}.Debug|Any CPU.Build.0 = Debug|Any CPU
		{350C15CC-0E5A-4453-A651-B553DE841CB5}.Release|Any CPU.ActiveCfg = Release|Any CPU
		{350C15CC-0E5A-4453-A651-B553DE841CB5}.Release|Any CPU.Build.0 = Release|Any CPU
		{ADBA8BF7-A895-46A8-B5AE-C2F47F9228CC}.Debug|Any CPU.ActiveCfg = Debug|Any CPU
		{ADBA8BF7-A895-46A8-B5AE-C2F47F9228CC}.Debug|Any CPU.Build.0 = Debug|Any CPU
		{ADBA8BF7-A895-46A8-B5AE-C2F47F9228CC}.Release|Any CPU.ActiveCfg = Release|Any CPU
		{ADBA8BF7-A895-46A8-B5AE-C2F47F9228CC}.Release|Any CPU.Build.0 = Release|Any CPU
		{7BC99614-9E13-41CE-89EA-D2F4D6EE4722}.Debug|Any CPU.ActiveCfg = Debug|Any CPU
		{7BC99614-9E13-41CE-89EA-D2F4D6EE4722}.Debug|Any CPU.Build.0 = Debug|Any CPU
		{7BC99614-9E13-41CE-89EA-D2F4D6EE4722}.Release|Any CPU.ActiveCfg = Release|Any CPU
		{7BC99614-9E13-41CE-89EA-D2F4D6EE4722}.Release|Any CPU.Build.0 = Release|Any CPU
	EndGlobalSection
	GlobalSection(SolutionProperties) = preSolution
		HideSolutionNode = FALSE
	EndGlobalSection
	GlobalSection(ExtensibilityGlobals) = postSolution
		SolutionGuid = {A46E6892-2F1A-4FD8-AAB1-DB94ADD2DB6D}
	EndGlobalSection
EndGlobal
